// !$*UTF8*$!
{
	archiveVersion = 1;
	classes = {
	};
	objectVersion = 77;
	objects = {

/* Begin PBXBuildFile section */
		2532089A2CB3CD8400B84F2A /* SwiftSoup in Frameworks */ = {isa = PBXBuildFile; productRef = 253208992CB3CD8400B84F2A /* SwiftSoup */; };
		2532089E2CB3CEB800B84F2A /* AVKit.framework in Frameworks */ = {isa = PBXBuildFile; fileRef = 2532089C2CB3CEB400B84F2A /* AVKit.framework */; };
		253208A32CB3CEF500B84F2A /* SwiftUI.framework in Frameworks */ = {isa = PBXBuildFile; fileRef = 253208A12CB3CEF300B84F2A /* SwiftUI.framework */; };
/* End PBXBuildFile section */

/* Begin PBXContainerItemProxy section */
		253E7B2F2CB3C8C8002AC4C0 /* PBXContainerItemProxy */ = {
			isa = PBXContainerItemProxy;
			containerPortal = 253E7B152CB3C8C7002AC4C0 /* Project object */;
			proxyType = 1;
			remoteGlobalIDString = 253E7B1C2CB3C8C7002AC4C0;
			remoteInfo = photon;
		};
		253E7B392CB3C8C8002AC4C0 /* PBXContainerItemProxy */ = {
			isa = PBXContainerItemProxy;
			containerPortal = 253E7B152CB3C8C7002AC4C0 /* Project object */;
			proxyType = 1;
			remoteGlobalIDString = 253E7B1C2CB3C8C7002AC4C0;
			remoteInfo = photon;
		};
/* End PBXContainerItemProxy section */

/* Begin PBXFileReference section */
		2520ABB82CB3D02200194D49 /* UIKit.framework */ = {isa = PBXFileReference; lastKnownFileType = wrapper.framework; name = UIKit.framework; path = Platforms/iPhoneOS.platform/Developer/SDKs/iPhoneOS18.0.sdk/System/Library/Frameworks/UIKit.framework; sourceTree = DEVELOPER_DIR; };
		2532089C2CB3CEB400B84F2A /* AVKit.framework */ = {isa = PBXFileReference; lastKnownFileType = wrapper.framework; name = AVKit.framework; path = Platforms/iPhoneOS.platform/Developer/SDKs/iPhoneOS18.0.sdk/System/Library/Frameworks/AVKit.framework; sourceTree = DEVELOPER_DIR; };
		253208A12CB3CEF300B84F2A /* SwiftUI.framework */ = {isa = PBXFileReference; lastKnownFileType = wrapper.framework; name = SwiftUI.framework; path = Platforms/iPhoneOS.platform/Developer/SDKs/iPhoneOS18.0.sdk/System/Library/Frameworks/SwiftUI.framework; sourceTree = DEVELOPER_DIR; };
		253E7B1D2CB3C8C7002AC4C0 /* photon.app */ = {isa = PBXFileReference; explicitFileType = wrapper.application; includeInIndex = 0; path = photon.app; sourceTree = BUILT_PRODUCTS_DIR; };
		253E7B2E2CB3C8C8002AC4C0 /* photonTests.xctest */ = {isa = PBXFileReference; explicitFileType = wrapper.cfbundle; includeInIndex = 0; path = photonTests.xctest; sourceTree = BUILT_PRODUCTS_DIR; };
		253E7B382CB3C8C8002AC4C0 /* photonUITests.xctest */ = {isa = PBXFileReference; explicitFileType = wrapper.cfbundle; includeInIndex = 0; path = photonUITests.xctest; sourceTree = BUILT_PRODUCTS_DIR; };
/* End PBXFileReference section */

/* Begin PBXFileSystemSynchronizedRootGroup section */
		253E7B1F2CB3C8C7002AC4C0 /* photon */ = {
			isa = PBXFileSystemSynchronizedRootGroup;
			path = photon;
			sourceTree = "<group>";
		};
		253E7B312CB3C8C8002AC4C0 /* photonTests */ = {
			isa = PBXFileSystemSynchronizedRootGroup;
			path = photonTests;
			sourceTree = "<group>";
		};
		253E7B3B2CB3C8C8002AC4C0 /* photonUITests */ = {
			isa = PBXFileSystemSynchronizedRootGroup;
			path = photonUITests;
			sourceTree = "<group>";
		};
/* End PBXFileSystemSynchronizedRootGroup section */

/* Begin PBXFrameworksBuildPhase section */
		253E7B1A2CB3C8C7002AC4C0 /* Frameworks */ = {
			isa = PBXFrameworksBuildPhase;
			buildActionMask = 2147483647;
			files = (
				2532089E2CB3CEB800B84F2A /* AVKit.framework in Frameworks */,
				253208A32CB3CEF500B84F2A /* SwiftUI.framework in Frameworks */,
				2532089A2CB3CD8400B84F2A /* SwiftSoup in Frameworks */,
			);
			runOnlyForDeploymentPostprocessing = 0;
		};
		253E7B2B2CB3C8C8002AC4C0 /* Frameworks */ = {
			isa = PBXFrameworksBuildPhase;
			buildActionMask = 2147483647;
			files = (
			);
			runOnlyForDeploymentPostprocessing = 0;
		};
		253E7B352CB3C8C8002AC4C0 /* Frameworks */ = {
			isa = PBXFrameworksBuildPhase;
			buildActionMask = 2147483647;
			files = (
			);
			runOnlyForDeploymentPostprocessing = 0;
		};
/* End PBXFrameworksBuildPhase section */

/* Begin PBXGroup section */
		2532089B2CB3CEB400B84F2A /* Frameworks */ = {
			isa = PBXGroup;
			children = (
				2520ABB82CB3D02200194D49 /* UIKit.framework */,
				253208A12CB3CEF300B84F2A /* SwiftUI.framework */,
				2532089C2CB3CEB400B84F2A /* AVKit.framework */,
			);
			name = Frameworks;
			sourceTree = "<group>";
		};
		253E7B142CB3C8C7002AC4C0 = {
			isa = PBXGroup;
			children = (
				253E7B1F2CB3C8C7002AC4C0 /* photon */,
				253E7B312CB3C8C8002AC4C0 /* photonTests */,
				253E7B3B2CB3C8C8002AC4C0 /* photonUITests */,
				2532089B2CB3CEB400B84F2A /* Frameworks */,
				253E7B1E2CB3C8C7002AC4C0 /* Products */,
			);
			sourceTree = "<group>";
		};
		253E7B1E2CB3C8C7002AC4C0 /* Products */ = {
			isa = PBXGroup;
			children = (
				253E7B1D2CB3C8C7002AC4C0 /* photon.app */,
				253E7B2E2CB3C8C8002AC4C0 /* photonTests.xctest */,
				253E7B382CB3C8C8002AC4C0 /* photonUITests.xctest */,
			);
			name = Products;
			sourceTree = "<group>";
		};
/* End PBXGroup section */

/* Begin PBXNativeTarget section */
		253E7B1C2CB3C8C7002AC4C0 /* photon */ = {
			isa = PBXNativeTarget;
			buildConfigurationList = 253E7B422CB3C8C8002AC4C0 /* Build configuration list for PBXNativeTarget "photon" */;
			buildPhases = (
				253E7B192CB3C8C7002AC4C0 /* Sources */,
				253E7B1A2CB3C8C7002AC4C0 /* Frameworks */,
				253E7B1B2CB3C8C7002AC4C0 /* Resources */,
			);
			buildRules = (
			);
			dependencies = (
			);
			fileSystemSynchronizedGroups = (
				253E7B1F2CB3C8C7002AC4C0 /* photon */,
			);
			name = photon;
			packageProductDependencies = (
				253208992CB3CD8400B84F2A /* SwiftSoup */,
			);
			productName = photon;
			productReference = 253E7B1D2CB3C8C7002AC4C0 /* photon.app */;
			productType = "com.apple.product-type.application";
		};
		253E7B2D2CB3C8C8002AC4C0 /* photonTests */ = {
			isa = PBXNativeTarget;
			buildConfigurationList = 253E7B452CB3C8C8002AC4C0 /* Build configuration list for PBXNativeTarget "photonTests" */;
			buildPhases = (
				253E7B2A2CB3C8C8002AC4C0 /* Sources */,
				253E7B2B2CB3C8C8002AC4C0 /* Frameworks */,
				253E7B2C2CB3C8C8002AC4C0 /* Resources */,
			);
			buildRules = (
			);
			dependencies = (
				253E7B302CB3C8C8002AC4C0 /* PBXTargetDependency */,
			);
			fileSystemSynchronizedGroups = (
				253E7B312CB3C8C8002AC4C0 /* photonTests */,
			);
			name = photonTests;
			packageProductDependencies = (
			);
			productName = photonTests;
			productReference = 253E7B2E2CB3C8C8002AC4C0 /* photonTests.xctest */;
			productType = "com.apple.product-type.bundle.unit-test";
		};
		253E7B372CB3C8C8002AC4C0 /* photonUITests */ = {
			isa = PBXNativeTarget;
			buildConfigurationList = 253E7B482CB3C8C8002AC4C0 /* Build configuration list for PBXNativeTarget "photonUITests" */;
			buildPhases = (
				253E7B342CB3C8C8002AC4C0 /* Sources */,
				253E7B352CB3C8C8002AC4C0 /* Frameworks */,
				253E7B362CB3C8C8002AC4C0 /* Resources */,
			);
			buildRules = (
			);
			dependencies = (
				253E7B3A2CB3C8C8002AC4C0 /* PBXTargetDependency */,
			);
			fileSystemSynchronizedGroups = (
				253E7B3B2CB3C8C8002AC4C0 /* photonUITests */,
			);
			name = photonUITests;
			packageProductDependencies = (
			);
			productName = photonUITests;
			productReference = 253E7B382CB3C8C8002AC4C0 /* photonUITests.xctest */;
			productType = "com.apple.product-type.bundle.ui-testing";
		};
/* End PBXNativeTarget section */

/* Begin PBXProject section */
		253E7B152CB3C8C7002AC4C0 /* Project object */ = {
			isa = PBXProject;
			attributes = {
				BuildIndependentTargetsInParallel = 1;
				LastSwiftUpdateCheck = 1600;
				LastUpgradeCheck = 1600;
				TargetAttributes = {
					253E7B1C2CB3C8C7002AC4C0 = {
						CreatedOnToolsVersion = 16.0;
					};
					253E7B2D2CB3C8C8002AC4C0 = {
						CreatedOnToolsVersion = 16.0;
						TestTargetID = 253E7B1C2CB3C8C7002AC4C0;
					};
					253E7B372CB3C8C8002AC4C0 = {
						CreatedOnToolsVersion = 16.0;
						TestTargetID = 253E7B1C2CB3C8C7002AC4C0;
					};
				};
			};
			buildConfigurationList = 253E7B182CB3C8C7002AC4C0 /* Build configuration list for PBXProject "photon" */;
			developmentRegion = en;
			hasScannedForEncodings = 0;
			knownRegions = (
				en,
				Base,
			);
			mainGroup = 253E7B142CB3C8C7002AC4C0;
			minimizedProjectReferenceProxies = 1;
			packageReferences = (
				253208882CB3CB0000B84F2A /* XCRemoteSwiftPackageReference "SwiftSoup" */,
			);
			preferredProjectObjectVersion = 77;
			productRefGroup = 253E7B1E2CB3C8C7002AC4C0 /* Products */;
			projectDirPath = "";
			projectRoot = "";
			targets = (
				253E7B1C2CB3C8C7002AC4C0 /* photon */,
				253E7B2D2CB3C8C8002AC4C0 /* photonTests */,
				253E7B372CB3C8C8002AC4C0 /* photonUITests */,
			);
		};
/* End PBXProject section */

/* Begin PBXResourcesBuildPhase section */
		253E7B1B2CB3C8C7002AC4C0 /* Resources */ = {
			isa = PBXResourcesBuildPhase;
			buildActionMask = 2147483647;
			files = (
			);
			runOnlyForDeploymentPostprocessing = 0;
		};
		253E7B2C2CB3C8C8002AC4C0 /* Resources */ = {
			isa = PBXResourcesBuildPhase;
			buildActionMask = 2147483647;
			files = (
			);
			runOnlyForDeploymentPostprocessing = 0;
		};
		253E7B362CB3C8C8002AC4C0 /* Resources */ = {
			isa = PBXResourcesBuildPhase;
			buildActionMask = 2147483647;
			files = (
			);
			runOnlyForDeploymentPostprocessing = 0;
		};
/* End PBXResourcesBuildPhase section */

/* Begin PBXSourcesBuildPhase section */
		253E7B192CB3C8C7002AC4C0 /* Sources */ = {
			isa = PBXSourcesBuildPhase;
			buildActionMask = 2147483647;
			files = (
			);
			runOnlyForDeploymentPostprocessing = 0;
		};
		253E7B2A2CB3C8C8002AC4C0 /* Sources */ = {
			isa = PBXSourcesBuildPhase;
			buildActionMask = 2147483647;
			files = (
			);
			runOnlyForDeploymentPostprocessing = 0;
		};
		253E7B342CB3C8C8002AC4C0 /* Sources */ = {
			isa = PBXSourcesBuildPhase;
			buildActionMask = 2147483647;
			files = (
			);
			runOnlyForDeploymentPostprocessing = 0;
		};
/* End PBXSourcesBuildPhase section */

/* Begin PBXTargetDependency section */
		253E7B302CB3C8C8002AC4C0 /* PBXTargetDependency */ = {
			isa = PBXTargetDependency;
			target = 253E7B1C2CB3C8C7002AC4C0 /* photon */;
			targetProxy = 253E7B2F2CB3C8C8002AC4C0 /* PBXContainerItemProxy */;
		};
		253E7B3A2CB3C8C8002AC4C0 /* PBXTargetDependency */ = {
			isa = PBXTargetDependency;
			target = 253E7B1C2CB3C8C7002AC4C0 /* photon */;
			targetProxy = 253E7B392CB3C8C8002AC4C0 /* PBXContainerItemProxy */;
		};
/* End PBXTargetDependency section */

/* Begin XCBuildConfiguration section */
		253E7B402CB3C8C8002AC4C0 /* Debug */ = {
			isa = XCBuildConfiguration;
			buildSettings = {
				ALWAYS_SEARCH_USER_PATHS = NO;
				ASSETCATALOG_COMPILER_GENERATE_SWIFT_ASSET_SYMBOL_EXTENSIONS = YES;
				CLANG_ANALYZER_NONNULL = YES;
				CLANG_ANALYZER_NUMBER_OBJECT_CONVERSION = YES_AGGRESSIVE;
				CLANG_CXX_LANGUAGE_STANDARD = "gnu++20";
				CLANG_ENABLE_MODULES = YES;
				CLANG_ENABLE_OBJC_ARC = YES;
				CLANG_ENABLE_OBJC_WEAK = YES;
				CLANG_WARN_BLOCK_CAPTURE_AUTORELEASING = YES;
				CLANG_WARN_BOOL_CONVERSION = YES;
				CLANG_WARN_COMMA = YES;
				CLANG_WARN_CONSTANT_CONVERSION = YES;
				CLANG_WARN_DEPRECATED_OBJC_IMPLEMENTATIONS = YES;
				CLANG_WARN_DIRECT_OBJC_ISA_USAGE = YES_ERROR;
				CLANG_WARN_DOCUMENTATION_COMMENTS = YES;
				CLANG_WARN_EMPTY_BODY = YES;
				CLANG_WARN_ENUM_CONVERSION = YES;
				CLANG_WARN_INFINITE_RECURSION = YES;
				CLANG_WARN_INT_CONVERSION = YES;
				CLANG_WARN_NON_LITERAL_NULL_CONVERSION = YES;
				CLANG_WARN_OBJC_IMPLICIT_RETAIN_SELF = YES;
				CLANG_WARN_OBJC_LITERAL_CONVERSION = YES;
				CLANG_WARN_OBJC_ROOT_CLASS = YES_ERROR;
				CLANG_WARN_QUOTED_INCLUDE_IN_FRAMEWORK_HEADER = YES;
				CLANG_WARN_RANGE_LOOP_ANALYSIS = YES;
				CLANG_WARN_STRICT_PROTOTYPES = YES;
				CLANG_WARN_SUSPICIOUS_MOVE = YES;
				CLANG_WARN_UNGUARDED_AVAILABILITY = YES_AGGRESSIVE;
				CLANG_WARN_UNREACHABLE_CODE = YES;
				CLANG_WARN__DUPLICATE_METHOD_MATCH = YES;
				COPY_PHASE_STRIP = NO;
				DEBUG_INFORMATION_FORMAT = dwarf;
				ENABLE_STRICT_OBJC_MSGSEND = YES;
				ENABLE_TESTABILITY = YES;
				ENABLE_USER_SCRIPT_SANDBOXING = YES;
				GCC_C_LANGUAGE_STANDARD = gnu17;
				GCC_DYNAMIC_NO_PIC = NO;
				GCC_NO_COMMON_BLOCKS = YES;
				GCC_OPTIMIZATION_LEVEL = 0;
				GCC_PREPROCESSOR_DEFINITIONS = (
					"DEBUG=1",
					"$(inherited)",
				);
				GCC_WARN_64_TO_32_BIT_CONVERSION = YES;
				GCC_WARN_ABOUT_RETURN_TYPE = YES_ERROR;
				GCC_WARN_UNDECLARED_SELECTOR = YES;
				GCC_WARN_UNINITIALIZED_AUTOS = YES_AGGRESSIVE;
				GCC_WARN_UNUSED_FUNCTION = YES;
				GCC_WARN_UNUSED_VARIABLE = YES;
				LOCALIZATION_PREFERS_STRING_CATALOGS = YES;
				MTL_ENABLE_DEBUG_INFO = INCLUDE_SOURCE;
				MTL_FAST_MATH = YES;
				ONLY_ACTIVE_ARCH = YES;
				SWIFT_ACTIVE_COMPILATION_CONDITIONS = "DEBUG $(inherited)";
				SWIFT_OPTIMIZATION_LEVEL = "-Onone";
			};
			name = Debug;
		};
		253E7B412CB3C8C8002AC4C0 /* Release */ = {
			isa = XCBuildConfiguration;
			buildSettings = {
				ALWAYS_SEARCH_USER_PATHS = NO;
				ASSETCATALOG_COMPILER_GENERATE_SWIFT_ASSET_SYMBOL_EXTENSIONS = YES;
				CLANG_ANALYZER_NONNULL = YES;
				CLANG_ANALYZER_NUMBER_OBJECT_CONVERSION = YES_AGGRESSIVE;
				CLANG_CXX_LANGUAGE_STANDARD = "gnu++20";
				CLANG_ENABLE_MODULES = YES;
				CLANG_ENABLE_OBJC_ARC = YES;
				CLANG_ENABLE_OBJC_WEAK = YES;
				CLANG_WARN_BLOCK_CAPTURE_AUTORELEASING = YES;
				CLANG_WARN_BOOL_CONVERSION = YES;
				CLANG_WARN_COMMA = YES;
				CLANG_WARN_CONSTANT_CONVERSION = YES;
				CLANG_WARN_DEPRECATED_OBJC_IMPLEMENTATIONS = YES;
				CLANG_WARN_DIRECT_OBJC_ISA_USAGE = YES_ERROR;
				CLANG_WARN_DOCUMENTATION_COMMENTS = YES;
				CLANG_WARN_EMPTY_BODY = YES;
				CLANG_WARN_ENUM_CONVERSION = YES;
				CLANG_WARN_INFINITE_RECURSION = YES;
				CLANG_WARN_INT_CONVERSION = YES;
				CLANG_WARN_NON_LITERAL_NULL_CONVERSION = YES;
				CLANG_WARN_OBJC_IMPLICIT_RETAIN_SELF = YES;
				CLANG_WARN_OBJC_LITERAL_CONVERSION = YES;
				CLANG_WARN_OBJC_ROOT_CLASS = YES_ERROR;
				CLANG_WARN_QUOTED_INCLUDE_IN_FRAMEWORK_HEADER = YES;
				CLANG_WARN_RANGE_LOOP_ANALYSIS = YES;
				CLANG_WARN_STRICT_PROTOTYPES = YES;
				CLANG_WARN_SUSPICIOUS_MOVE = YES;
				CLANG_WARN_UNGUARDED_AVAILABILITY = YES_AGGRESSIVE;
				CLANG_WARN_UNREACHABLE_CODE = YES;
				CLANG_WARN__DUPLICATE_METHOD_MATCH = YES;
				COPY_PHASE_STRIP = NO;
				DEBUG_INFORMATION_FORMAT = "dwarf-with-dsym";
				ENABLE_NS_ASSERTIONS = NO;
				ENABLE_STRICT_OBJC_MSGSEND = YES;
				ENABLE_USER_SCRIPT_SANDBOXING = YES;
				GCC_C_LANGUAGE_STANDARD = gnu17;
				GCC_NO_COMMON_BLOCKS = YES;
				GCC_WARN_64_TO_32_BIT_CONVERSION = YES;
				GCC_WARN_ABOUT_RETURN_TYPE = YES_ERROR;
				GCC_WARN_UNDECLARED_SELECTOR = YES;
				GCC_WARN_UNINITIALIZED_AUTOS = YES_AGGRESSIVE;
				GCC_WARN_UNUSED_FUNCTION = YES;
				GCC_WARN_UNUSED_VARIABLE = YES;
				LOCALIZATION_PREFERS_STRING_CATALOGS = YES;
				MTL_ENABLE_DEBUG_INFO = NO;
				MTL_FAST_MATH = YES;
				SWIFT_COMPILATION_MODE = wholemodule;
			};
			name = Release;
		};
		253E7B432CB3C8C8002AC4C0 /* Debug */ = {
			isa = XCBuildConfiguration;
			buildSettings = {
				ASSETCATALOG_COMPILER_APPICON_NAME = AppIcon;
				ASSETCATALOG_COMPILER_GLOBAL_ACCENT_COLOR_NAME = AccentColor;
				CODE_SIGN_ENTITLEMENTS = photon/photon.entitlements;
				"CODE_SIGN_IDENTITY[sdk=macosx*]" = "Apple Development";
				CODE_SIGN_STYLE = Automatic;
				CURRENT_PROJECT_VERSION = 1;
				DEVELOPMENT_ASSET_PATHS = "\"photon/Preview Content\"";
				DEVELOPMENT_TEAM = 3AY8QQ4WXT;
				ENABLE_HARDENED_RUNTIME = YES;
				ENABLE_PREVIEWS = YES;
				GENERATE_INFOPLIST_FILE = YES;
				"INFOPLIST_KEY_UIApplicationSceneManifest_Generation[sdk=iphoneos*]" = YES;
				"INFOPLIST_KEY_UIApplicationSceneManifest_Generation[sdk=iphonesimulator*]" = YES;
				"INFOPLIST_KEY_UIApplicationSupportsIndirectInputEvents[sdk=iphoneos*]" = YES;
				"INFOPLIST_KEY_UIApplicationSupportsIndirectInputEvents[sdk=iphonesimulator*]" = YES;
				"INFOPLIST_KEY_UILaunchScreen_Generation[sdk=iphoneos*]" = YES;
				"INFOPLIST_KEY_UILaunchScreen_Generation[sdk=iphonesimulator*]" = YES;
				"INFOPLIST_KEY_UIStatusBarStyle[sdk=iphoneos*]" = UIStatusBarStyleDefault;
				"INFOPLIST_KEY_UIStatusBarStyle[sdk=iphonesimulator*]" = UIStatusBarStyleDefault;
				INFOPLIST_KEY_UISupportedInterfaceOrientations_iPad = "UIInterfaceOrientationPortrait UIInterfaceOrientationPortraitUpsideDown UIInterfaceOrientationLandscapeLeft UIInterfaceOrientationLandscapeRight";
				INFOPLIST_KEY_UISupportedInterfaceOrientations_iPhone = "UIInterfaceOrientationPortrait UIInterfaceOrientationLandscapeLeft UIInterfaceOrientationLandscapeRight";
				IPHONEOS_DEPLOYMENT_TARGET = 16.6;
				LD_RUNPATH_SEARCH_PATHS = "@executable_path/Frameworks";
				"LD_RUNPATH_SEARCH_PATHS[sdk=macosx*]" = "@executable_path/../Frameworks";
				MACOSX_DEPLOYMENT_TARGET = 15.0;
				MARKETING_VERSION = 1.0;
				PRODUCT_BUNDLE_IDENTIFIER = com.xuffasch.photon;
				PRODUCT_NAME = "$(TARGET_NAME)";
				SDKROOT = auto;
				SUPPORTED_PLATFORMS = "appletvos appletvsimulator iphoneos iphonesimulator macosx";
				SUPPORTS_MACCATALYST = NO;
				SWIFT_EMIT_LOC_STRINGS = YES;
				SWIFT_VERSION = 5.0;
				TARGETED_DEVICE_FAMILY = "1,2,3";
				XROS_DEPLOYMENT_TARGET = 2.0;
			};
			name = Debug;
		};
		253E7B442CB3C8C8002AC4C0 /* Release */ = {
			isa = XCBuildConfiguration;
			buildSettings = {
				ASSETCATALOG_COMPILER_APPICON_NAME = AppIcon;
				ASSETCATALOG_COMPILER_GLOBAL_ACCENT_COLOR_NAME = AccentColor;
				CODE_SIGN_ENTITLEMENTS = photon/photon.entitlements;
				"CODE_SIGN_IDENTITY[sdk=macosx*]" = "Apple Development";
				CODE_SIGN_STYLE = Automatic;
				CURRENT_PROJECT_VERSION = 1;
				DEVELOPMENT_ASSET_PATHS = "\"photon/Preview Content\"";
				DEVELOPMENT_TEAM = 3AY8QQ4WXT;
				ENABLE_HARDENED_RUNTIME = YES;
				ENABLE_PREVIEWS = YES;
				GENERATE_INFOPLIST_FILE = YES;
				"INFOPLIST_KEY_UIApplicationSceneManifest_Generation[sdk=iphoneos*]" = YES;
				"INFOPLIST_KEY_UIApplicationSceneManifest_Generation[sdk=iphonesimulator*]" = YES;
				"INFOPLIST_KEY_UIApplicationSupportsIndirectInputEvents[sdk=iphoneos*]" = YES;
				"INFOPLIST_KEY_UIApplicationSupportsIndirectInputEvents[sdk=iphonesimulator*]" = YES;
				"INFOPLIST_KEY_UILaunchScreen_Generation[sdk=iphoneos*]" = YES;
				"INFOPLIST_KEY_UILaunchScreen_Generation[sdk=iphonesimulator*]" = YES;
				"INFOPLIST_KEY_UIStatusBarStyle[sdk=iphoneos*]" = UIStatusBarStyleDefault;
				"INFOPLIST_KEY_UIStatusBarStyle[sdk=iphonesimulator*]" = UIStatusBarStyleDefault;
				INFOPLIST_KEY_UISupportedInterfaceOrientations_iPad = "UIInterfaceOrientationPortrait UIInterfaceOrientationPortraitUpsideDown UIInterfaceOrientationLandscapeLeft UIInterfaceOrientationLandscapeRight";
				INFOPLIST_KEY_UISupportedInterfaceOrientations_iPhone = "UIInterfaceOrientationPortrait UIInterfaceOrientationLandscapeLeft UIInterfaceOrientationLandscapeRight";
				IPHONEOS_DEPLOYMENT_TARGET = 16.6;
				LD_RUNPATH_SEARCH_PATHS = "@executable_path/Frameworks";
				"LD_RUNPATH_SEARCH_PATHS[sdk=macosx*]" = "@executable_path/../Frameworks";
				MACOSX_DEPLOYMENT_TARGET = 15.0;
				MARKETING_VERSION = 1.0;
				PRODUCT_BUNDLE_IDENTIFIER = com.xuffasch.photon;
				PRODUCT_NAME = "$(TARGET_NAME)";
				SDKROOT = auto;
				SUPPORTED_PLATFORMS = "appletvos appletvsimulator iphoneos iphonesimulator macosx";
				SUPPORTS_MACCATALYST = NO;
				SWIFT_EMIT_LOC_STRINGS = YES;
				SWIFT_VERSION = 5.0;
				TARGETED_DEVICE_FAMILY = "1,2,3";
				XROS_DEPLOYMENT_TARGET = 2.0;
			};
			name = Release;
		};
		253E7B462CB3C8C8002AC4C0 /* Debug */ = {
			isa = XCBuildConfiguration;
			buildSettings = {
				BUNDLE_LOADER = "$(TEST_HOST)";
				CODE_SIGN_STYLE = Automatic;
				CURRENT_PROJECT_VERSION = 1;
				DEVELOPMENT_TEAM = 3AY8QQ4WXT;
				GENERATE_INFOPLIST_FILE = YES;
				IPHONEOS_DEPLOYMENT_TARGET = 16.6;
				MACOSX_DEPLOYMENT_TARGET = 15.0;
				MARKETING_VERSION = 1.0;
				PRODUCT_BUNDLE_IDENTIFIER = com.xuffasch.photonTests;
				PRODUCT_NAME = "$(TARGET_NAME)";
				SDKROOT = auto;
				SUPPORTED_PLATFORMS = "iphoneos iphonesimulator macosx xros xrsimulator";
				SWIFT_EMIT_LOC_STRINGS = NO;
				SWIFT_VERSION = 5.0;
				TARGETED_DEVICE_FAMILY = "1,2,7";
				TEST_HOST = "$(BUILT_PRODUCTS_DIR)/photon.app/$(BUNDLE_EXECUTABLE_FOLDER_PATH)/photon";
				XROS_DEPLOYMENT_TARGET = 2.0;
			};
			name = Debug;
		};
		253E7B472CB3C8C8002AC4C0 /* Release */ = {
			isa = XCBuildConfiguration;
			buildSettings = {
				BUNDLE_LOADER = "$(TEST_HOST)";
				CODE_SIGN_STYLE = Automatic;
				CURRENT_PROJECT_VERSION = 1;
				DEVELOPMENT_TEAM = 3AY8QQ4WXT;
				GENERATE_INFOPLIST_FILE = YES;
				IPHONEOS_DEPLOYMENT_TARGET = 16.6;
				MACOSX_DEPLOYMENT_TARGET = 15.0;
				MARKETING_VERSION = 1.0;
				PRODUCT_BUNDLE_IDENTIFIER = com.xuffasch.photonTests;
				PRODUCT_NAME = "$(TARGET_NAME)";
				SDKROOT = auto;
				SUPPORTED_PLATFORMS = "iphoneos iphonesimulator macosx xros xrsimulator";
				SWIFT_EMIT_LOC_STRINGS = NO;
				SWIFT_VERSION = 5.0;
				TARGETED_DEVICE_FAMILY = "1,2,7";
				TEST_HOST = "$(BUILT_PRODUCTS_DIR)/photon.app/$(BUNDLE_EXECUTABLE_FOLDER_PATH)/photon";
				XROS_DEPLOYMENT_TARGET = 2.0;
			};
			name = Release;
		};
		253E7B492CB3C8C8002AC4C0 /* Debug */ = {
			isa = XCBuildConfiguration;
			buildSettings = {
				CODE_SIGN_STYLE = Automatic;
				CURRENT_PROJECT_VERSION = 1;
				DEVELOPMENT_TEAM = 3AY8QQ4WXT;
				GENERATE_INFOPLIST_FILE = YES;
				IPHONEOS_DEPLOYMENT_TARGET = 16.6;
				MACOSX_DEPLOYMENT_TARGET = 15.0;
				MARKETING_VERSION = 1.0;
				PRODUCT_BUNDLE_IDENTIFIER = com.xuffasch.photonUITests;
				PRODUCT_NAME = "$(TARGET_NAME)";
				SDKROOT = auto;
				SUPPORTED_PLATFORMS = "iphoneos iphonesimulator macosx xros xrsimulator";
				SWIFT_EMIT_LOC_STRINGS = NO;
				SWIFT_VERSION = 5.0;
				TARGETED_DEVICE_FAMILY = "1,2,7";
				TEST_TARGET_NAME = photon;
				XROS_DEPLOYMENT_TARGET = 2.0;
			};
			name = Debug;
		};
		253E7B4A2CB3C8C8002AC4C0 /* Release */ = {
			isa = XCBuildConfiguration;
			buildSettings = {
				CODE_SIGN_STYLE = Automatic;
				CURRENT_PROJECT_VERSION = 1;
				DEVELOPMENT_TEAM = 3AY8QQ4WXT;
				GENERATE_INFOPLIST_FILE = YES;
				IPHONEOS_DEPLOYMENT_TARGET = 16.6;
				MACOSX_DEPLOYMENT_TARGET = 15.0;
				MARKETING_VERSION = 1.0;
				PRODUCT_BUNDLE_IDENTIFIER = com.xuffasch.photonUITests;
				PRODUCT_NAME = "$(TARGET_NAME)";
				SDKROOT = auto;
				SUPPORTED_PLATFORMS = "iphoneos iphonesimulator macosx xros xrsimulator";
				SWIFT_EMIT_LOC_STRINGS = NO;
				SWIFT_VERSION = 5.0;
				TARGETED_DEVICE_FAMILY = "1,2,7";
				TEST_TARGET_NAME = photon;
				XROS_DEPLOYMENT_TARGET = 2.0;
			};
			name = Release;
		};
/* End XCBuildConfiguration section */

/* Begin XCConfigurationList section */
		253E7B182CB3C8C7002AC4C0 /* Build configuration list for PBXProject "photon" */ = {
			isa = XCConfigurationList;
			buildConfigurations = (
				253E7B402CB3C8C8002AC4C0 /* Debug */,
				253E7B412CB3C8C8002AC4C0 /* Release */,
			);
			defaultConfigurationIsVisible = 0;
			defaultConfigurationName = Release;
		};
		253E7B422CB3C8C8002AC4C0 /* Build configuration list for PBXNativeTarget "photon" */ = {
			isa = XCConfigurationList;
			buildConfigurations = (
				253E7B432CB3C8C8002AC4C0 /* Debug */,
				253E7B442CB3C8C8002AC4C0 /* Release */,
			);
			defaultConfigurationIsVisible = 0;
			defaultConfigurationName = Release;
		};
		253E7B452CB3C8C8002AC4C0 /* Build configuration list for PBXNativeTarget "photonTests" */ = {
			isa = XCConfigurationList;
			buildConfigurations = (
				253E7B462CB3C8C8002AC4C0 /* Debug */,
				253E7B472CB3C8C8002AC4C0 /* Release */,
			);
			defaultConfigurationIsVisible = 0;
			defaultConfigurationName = Release;
		};
		253E7B482CB3C8C8002AC4C0 /* Build configuration list for PBXNativeTarget "photonUITests" */ = {
			isa = XCConfigurationList;
			buildConfigurations = (
				253E7B492CB3C8C8002AC4C0 /* Debug */,
				253E7B4A2CB3C8C8002AC4C0 /* Release */,
			);
			defaultConfigurationIsVisible = 0;
			defaultConfigurationName = Release;
		};
/* End XCConfigurationList section */

/* Begin XCRemoteSwiftPackageReference section */
		253208882CB3CB0000B84F2A /* XCRemoteSwiftPackageReference "SwiftSoup" */ = {
			isa = XCRemoteSwiftPackageReference;
			repositoryURL = "https://github.com/scinfu/SwiftSoup";
			requirement = {
				kind = upToNextMajorVersion;
				minimumVersion = 2.7.5;
			};
		};
/* End XCRemoteSwiftPackageReference section */

/* Begin XCSwiftPackageProductDependency section */
		253208992CB3CD8400B84F2A /* SwiftSoup */ = {
			isa = XCSwiftPackageProductDependency;
			package = 253208882CB3CB0000B84F2A /* XCRemoteSwiftPackageReference "SwiftSoup" */;
			productName = SwiftSoup;
		};
/* End XCSwiftPackageProductDependency section */
	};
	rootObject = 253E7B152CB3C8C7002AC4C0 /* Project object */;
}
